// !$*UTF8*$!
{
	archiveVersion = 1;
	classes = {
	};
	objectVersion = 46;
	objects = {

/* Begin PBXBuildFile section */
		8A1EA89A1CB7058200343019 /* pattern.jpg in Resources */ = {isa = PBXBuildFile; fileRef = 8A1EA8991CB7058200343019 /* pattern.jpg */; };
		8A1EA89C1CB7085A00343019 /* pattern2.png in Resources */ = {isa = PBXBuildFile; fileRef = 8A1EA89B1CB7085A00343019 /* pattern2.png */; };
		8A1EA89E1CB7092100343019 /* bananas.jpg in Resources */ = {isa = PBXBuildFile; fileRef = 8A1EA89D1CB7092100343019 /* bananas.jpg */; };
		8A25C6171CCFD01F00B50B4E /* Media.xcassets in Resources */ = {isa = PBXBuildFile; fileRef = 8A25C6161CCFD01F00B50B4E /* Media.xcassets */; };
		8A45D83F1CB337E6007558B4 /* AppDelegate.swift in Sources */ = {isa = PBXBuildFile; fileRef = 8A45D83E1CB337E6007558B4 /* AppDelegate.swift */; };
		8A45D8441CB337E6007558B4 /* Main.storyboard in Resources */ = {isa = PBXBuildFile; fileRef = 8A45D8421CB337E6007558B4 /* Main.storyboard */; };
		8A45D8471CB337E6007558B4 /* Bg_Mon.xcdatamodeld in Sources */ = {isa = PBXBuildFile; fileRef = 8A45D8451CB337E6007558B4 /* Bg_Mon.xcdatamodeld */; };
		8A45D84C1CB337E6007558B4 /* LaunchScreen.storyboard in Resources */ = {isa = PBXBuildFile; fileRef = 8A45D84A1CB337E6007558B4 /* LaunchScreen.storyboard */; };
		8A45D8701CB33912007558B4 /* DashboardViewController.swift in Sources */ = {isa = PBXBuildFile; fileRef = 8A45D86F1CB33912007558B4 /* DashboardViewController.swift */; };
		8A45D8721CB33BA3007558B4 /* HealthKit.framework in Frameworks */ = {isa = PBXBuildFile; fileRef = 8A45D8711CB33BA3007558B4 /* HealthKit.framework */; };
		8A45D8751CB351FB007558B4 /* MenuViewController.swift in Sources */ = {isa = PBXBuildFile; fileRef = 8A45D8741CB351FB007558B4 /* MenuViewController.swift */; };
		8A45D8771CB3528E007558B4 /* MenuManager.swift in Sources */ = {isa = PBXBuildFile; fileRef = 8A45D8761CB3528E007558B4 /* MenuManager.swift */; };
		8A45D87D1CB363C8007558B4 /* ProfileViewController.swift in Sources */ = {isa = PBXBuildFile; fileRef = 8A45D87C1CB363C8007558B4 /* ProfileViewController.swift */; };
		8A797B691CD00F370082DFEF /* Test_Strip___UITest.m in Sources */ = {isa = PBXBuildFile; fileRef = 8A797B681CD00F370082DFEF /* Test_Strip___UITest.m */; };
		8A797B771CD00F560082DFEF /* Test_Strip___Bundle.m in Sources */ = {isa = PBXBuildFile; fileRef = 8A797B761CD00F560082DFEF /* Test_Strip___Bundle.m */; };
		8A8105601CD06718007BA1E8 /* Media.xcassets in Resources */ = {isa = PBXBuildFile; fileRef = 8A25C6161CCFD01F00B50B4E /* Media.xcassets */; };
		8A8105671CD067E9007BA1E8 /* NotificationCenter.framework in Frameworks */ = {isa = PBXBuildFile; fileRef = 8A8105661CD067E9007BA1E8 /* NotificationCenter.framework */; };
		8A81056A1CD067E9007BA1E8 /* TodayViewController.swift in Sources */ = {isa = PBXBuildFile; fileRef = 8A8105691CD067E9007BA1E8 /* TodayViewController.swift */; };
		8A81056D1CD067E9007BA1E8 /* MainInterface.storyboard in Resources */ = {isa = PBXBuildFile; fileRef = 8A81056B1CD067E9007BA1E8 /* MainInterface.storyboard */; };
		8A8105711CD067E9007BA1E8 /* Test Strip Today.appex in Embed App Extensions */ = {isa = PBXBuildFile; fileRef = 8A8105651CD067E9007BA1E8 /* Test Strip Today.appex */; settings = {ATTRIBUTES = (RemoveHeadersOnCopy, ); }; };
		8A9650D71CB8BDED00A86BE5 /* Meal.png in Resources */ = {isa = PBXBuildFile; fileRef = 8A9650D61CB8BDED00A86BE5 /* Meal.png */; };
		8A9650DB1CB8C19C00A86BE5 /* Adjustment.png in Resources */ = {isa = PBXBuildFile; fileRef = 8A9650DA1CB8C19C00A86BE5 /* Adjustment.png */; };
		8A9650DD1CB8C1F500A86BE5 /* 24H.png in Resources */ = {isa = PBXBuildFile; fileRef = 8A9650DC1CB8C1F500A86BE5 /* 24H.png */; };
		8A9650DF1CBAC7B000A86BE5 /* HealthKit_iOS_8_icon.png in Resources */ = {isa = PBXBuildFile; fileRef = 8A9650DE1CBAC7B000A86BE5 /* HealthKit_iOS_8_icon.png */; };
		8AB1BE281CB46EFA00A291E7 /* MealsViewController.swift in Sources */ = {isa = PBXBuildFile; fileRef = 8AB1BE271CB46EFA00A291E7 /* MealsViewController.swift */; };
		8AB1BE2E1CB5F5ED00A291E7 /* SuccessViewController.swift in Sources */ = {isa = PBXBuildFile; fileRef = 8AB1BE2D1CB5F5ED00A291E7 /* SuccessViewController.swift */; };
		8AC51FF61CB4187500E1872E /* SuperCell.swift in Sources */ = {isa = PBXBuildFile; fileRef = 8AC51FF51CB4187500E1872E /* SuperCell.swift */; };
		8AEC38F51CD01E9400394F9A /* AboutViewController.swift in Sources */ = {isa = PBXBuildFile; fileRef = 8AEC38F41CD01E9400394F9A /* AboutViewController.swift */; };
		8AEC39231CD024C100394F9A /* Interface.storyboard in Resources */ = {isa = PBXBuildFile; fileRef = 8AEC39211CD024C100394F9A /* Interface.storyboard */; };
		8AEC39251CD024C100394F9A /* Assets.xcassets in Resources */ = {isa = PBXBuildFile; fileRef = 8AEC39241CD024C100394F9A /* Assets.xcassets */; };
		8AEC392C1CD024C100394F9A /* Test Strip Watch Extension.appex in Embed App Extensions */ = {isa = PBXBuildFile; fileRef = 8AEC392B1CD024C100394F9A /* Test Strip Watch Extension.appex */; settings = {ATTRIBUTES = (RemoveHeadersOnCopy, ); }; };
		8AEC39311CD024C100394F9A /* InterfaceController.swift in Sources */ = {isa = PBXBuildFile; fileRef = 8AEC39301CD024C100394F9A /* InterfaceController.swift */; };
		8AEC39331CD024C100394F9A /* ExtensionDelegate.swift in Sources */ = {isa = PBXBuildFile; fileRef = 8AEC39321CD024C100394F9A /* ExtensionDelegate.swift */; };
		8AEC39351CD024C100394F9A /* Assets.xcassets in Resources */ = {isa = PBXBuildFile; fileRef = 8AEC39341CD024C100394F9A /* Assets.xcassets */; };
		8AEC39391CD024C100394F9A /* Test Strip Watch.app in Embed Watch Content */ = {isa = PBXBuildFile; fileRef = 8AEC391F1CD024C100394F9A /* Test Strip Watch.app */; };
		8AEC39421CD0261700394F9A /* MealController.swift in Sources */ = {isa = PBXBuildFile; fileRef = 8AEC39411CD0261700394F9A /* MealController.swift */; };
		B360203EC17EEE1769DE5B59 /* Pods_Bg_Mon.framework in Frameworks */ = {isa = PBXBuildFile; fileRef = B03D6073B02C671DEBA6CAA9 /* Pods_Bg_Mon.framework */; };
/* End PBXBuildFile section */

/* Begin PBXContainerItemProxy section */
		8A797B6B1CD00F370082DFEF /* PBXContainerItemProxy */ = {
			isa = PBXContainerItemProxy;
			containerPortal = 8A45D8331CB337E6007558B4 /* Project object */;
			proxyType = 1;
			remoteGlobalIDString = 8A45D83A1CB337E6007558B4;
			remoteInfo = "Bg-Mon";
		};
		8A797B791CD00F560082DFEF /* PBXContainerItemProxy */ = {
			isa = PBXContainerItemProxy;
			containerPortal = 8A45D8331CB337E6007558B4 /* Project object */;
			proxyType = 1;
			remoteGlobalIDString = 8A45D83A1CB337E6007558B4;
			remoteInfo = "Bg-Mon";
		};
		8A81056F1CD067E9007BA1E8 /* PBXContainerItemProxy */ = {
			isa = PBXContainerItemProxy;
			containerPortal = 8A45D8331CB337E6007558B4 /* Project object */;
			proxyType = 1;
			remoteGlobalIDString = 8A8105641CD067E9007BA1E8;
			remoteInfo = "Test Strip Today";
		};
		8AEC392D1CD024C100394F9A /* PBXContainerItemProxy */ = {
			isa = PBXContainerItemProxy;
			containerPortal = 8A45D8331CB337E6007558B4 /* Project object */;
			proxyType = 1;
			remoteGlobalIDString = 8AEC392A1CD024C100394F9A;
			remoteInfo = "Test Strip Watch Extension";
		};
		8AEC39371CD024C100394F9A /* PBXContainerItemProxy */ = {
			isa = PBXContainerItemProxy;
			containerPortal = 8A45D8331CB337E6007558B4 /* Project object */;
			proxyType = 1;
			remoteGlobalIDString = 8AEC391E1CD024C100394F9A;
			remoteInfo = "Test Strip Watch";
		};
/* End PBXContainerItemProxy section */

/* Begin PBXCopyFilesBuildPhase section */
		8A8105751CD067E9007BA1E8 /* Embed App Extensions */ = {
			isa = PBXCopyFilesBuildPhase;
			buildActionMask = 2147483647;
			dstPath = "";
			dstSubfolderSpec = 13;
			files = (
				8A8105711CD067E9007BA1E8 /* Test Strip Today.appex in Embed App Extensions */,
			);
			name = "Embed App Extensions";
			runOnlyForDeploymentPostprocessing = 0;
		};
		8AEC391C1CD0237D00394F9A /* Embed Watch Content */ = {
			isa = PBXCopyFilesBuildPhase;
			buildActionMask = 2147483647;
			dstPath = "$(CONTENTS_FOLDER_PATH)/Watch";
			dstSubfolderSpec = 16;
			files = (
				8AEC39391CD024C100394F9A /* Test Strip Watch.app in Embed Watch Content */,
			);
			name = "Embed Watch Content";
			runOnlyForDeploymentPostprocessing = 0;
		};
		8AEC393D1CD024C100394F9A /* Embed App Extensions */ = {
			isa = PBXCopyFilesBuildPhase;
			buildActionMask = 2147483647;
			dstPath = "";
			dstSubfolderSpec = 13;
			files = (
				8AEC392C1CD024C100394F9A /* Test Strip Watch Extension.appex in Embed App Extensions */,
			);
			name = "Embed App Extensions";
			runOnlyForDeploymentPostprocessing = 0;
		};
/* End PBXCopyFilesBuildPhase section */

/* Begin PBXFileReference section */
		8A1EA8991CB7058200343019 /* pattern.jpg */ = {isa = PBXFileReference; lastKnownFileType = image.jpeg; path = pattern.jpg; sourceTree = "<group>"; };
		8A1EA89B1CB7085A00343019 /* pattern2.png */ = {isa = PBXFileReference; lastKnownFileType = image.png; path = pattern2.png; sourceTree = "<group>"; };
		8A1EA89D1CB7092100343019 /* bananas.jpg */ = {isa = PBXFileReference; lastKnownFileType = image.jpeg; path = bananas.jpg; sourceTree = "<group>"; };
		8A25C6121CCE78D300B50B4E /* README.md */ = {isa = PBXFileReference; fileEncoding = 4; lastKnownFileType = net.daringfireball.markdown; path = README.md; sourceTree = "<group>"; };
		8A25C6161CCFD01F00B50B4E /* Media.xcassets */ = {isa = PBXFileReference; lastKnownFileType = folder.assetcatalog; path = Media.xcassets; sourceTree = "<group>"; };
		8A2C1A851CC8116700159962 /* Charts.framework */ = {isa = PBXFileReference; lastKnownFileType = wrapper.framework; name = Charts.framework; path = "../../Library/Developer/Xcode/DerivedData/Bg-Mon-dtwmpflrjllmhdcvtsjxdsjoeavc/Build/Products/Debug-iphoneos/Charts.framework"; sourceTree = "<group>"; };
		8A45D83B1CB337E6007558B4 /* Test Strip.app */ = {isa = PBXFileReference; explicitFileType = wrapper.application; includeInIndex = 0; path = "Test Strip.app"; sourceTree = BUILT_PRODUCTS_DIR; };
		8A45D83E1CB337E6007558B4 /* AppDelegate.swift */ = {isa = PBXFileReference; lastKnownFileType = sourcecode.swift; path = AppDelegate.swift; sourceTree = "<group>"; };
		8A45D8431CB337E6007558B4 /* Base */ = {isa = PBXFileReference; lastKnownFileType = file.storyboard; name = Base; path = Base.lproj/Main.storyboard; sourceTree = "<group>"; };
		8A45D8461CB337E6007558B4 /* Bg_Mon.xcdatamodel */ = {isa = PBXFileReference; lastKnownFileType = wrapper.xcdatamodel; path = Bg_Mon.xcdatamodel; sourceTree = "<group>"; };
		8A45D84B1CB337E6007558B4 /* Base */ = {isa = PBXFileReference; lastKnownFileType = file.storyboard; name = Base; path = Base.lproj/LaunchScreen.storyboard; sourceTree = "<group>"; };
		8A45D84D1CB337E6007558B4 /* Info.plist */ = {isa = PBXFileReference; lastKnownFileType = text.plist.xml; path = Info.plist; sourceTree = "<group>"; };
		8A45D8561CB337E6007558B4 /* Bg_MonTests.swift */ = {isa = PBXFileReference; lastKnownFileType = sourcecode.swift; path = Bg_MonTests.swift; sourceTree = "<group>"; };
		8A45D8581CB337E6007558B4 /* Info.plist */ = {isa = PBXFileReference; lastKnownFileType = text.plist.xml; path = Info.plist; sourceTree = "<group>"; };
		8A45D8611CB337E6007558B4 /* Bg_MonUITests.swift */ = {isa = PBXFileReference; lastKnownFileType = sourcecode.swift; path = Bg_MonUITests.swift; sourceTree = "<group>"; };
		8A45D8631CB337E6007558B4 /* Info.plist */ = {isa = PBXFileReference; lastKnownFileType = text.plist.xml; path = Info.plist; sourceTree = "<group>"; };
		8A45D86F1CB33912007558B4 /* DashboardViewController.swift */ = {isa = PBXFileReference; fileEncoding = 4; lastKnownFileType = sourcecode.swift; path = DashboardViewController.swift; sourceTree = "<group>"; };
		8A45D8711CB33BA3007558B4 /* HealthKit.framework */ = {isa = PBXFileReference; lastKnownFileType = wrapper.framework; name = HealthKit.framework; path = System/Library/Frameworks/HealthKit.framework; sourceTree = SDKROOT; };
		8A45D8731CB33BA3007558B4 /* Bg-Mon.entitlements */ = {isa = PBXFileReference; lastKnownFileType = text.xml; path = "Bg-Mon.entitlements"; sourceTree = "<group>"; };
		8A45D8741CB351FB007558B4 /* MenuViewController.swift */ = {isa = PBXFileReference; fileEncoding = 4; lastKnownFileType = sourcecode.swift; path = MenuViewController.swift; sourceTree = "<group>"; };
		8A45D8761CB3528E007558B4 /* MenuManager.swift */ = {isa = PBXFileReference; fileEncoding = 4; lastKnownFileType = sourcecode.swift; path = MenuManager.swift; sourceTree = "<group>"; };
		8A45D87C1CB363C8007558B4 /* ProfileViewController.swift */ = {isa = PBXFileReference; fileEncoding = 4; lastKnownFileType = sourcecode.swift; path = ProfileViewController.swift; sourceTree = "<group>"; };
		8A797B661CD00F370082DFEF /* Test Strip - UITest.xctest */ = {isa = PBXFileReference; explicitFileType = wrapper.cfbundle; includeInIndex = 0; path = "Test Strip - UITest.xctest"; sourceTree = BUILT_PRODUCTS_DIR; };
		8A797B681CD00F370082DFEF /* Test_Strip___UITest.m */ = {isa = PBXFileReference; lastKnownFileType = sourcecode.c.objc; path = "Test_Strip___UITest.m"; sourceTree = "<group>"; };
		8A797B6A1CD00F370082DFEF /* Info.plist */ = {isa = PBXFileReference; lastKnownFileType = text.plist.xml; path = Info.plist; sourceTree = "<group>"; };
		8A797B741CD00F560082DFEF /* Test Strip - Bundle.xctest */ = {isa = PBXFileReference; explicitFileType = wrapper.cfbundle; includeInIndex = 0; path = "Test Strip - Bundle.xctest"; sourceTree = BUILT_PRODUCTS_DIR; };
		8A797B761CD00F560082DFEF /* Test_Strip___Bundle.m */ = {isa = PBXFileReference; lastKnownFileType = sourcecode.c.objc; path = "Test_Strip___Bundle.m"; sourceTree = "<group>"; };
		8A797B781CD00F560082DFEF /* Info.plist */ = {isa = PBXFileReference; lastKnownFileType = text.plist.xml; path = Info.plist; sourceTree = "<group>"; };
		8A8105651CD067E9007BA1E8 /* Test Strip Today.appex */ = {isa = PBXFileReference; explicitFileType = "wrapper.app-extension"; includeInIndex = 0; path = "Test Strip Today.appex"; sourceTree = BUILT_PRODUCTS_DIR; };
		8A8105661CD067E9007BA1E8 /* NotificationCenter.framework */ = {isa = PBXFileReference; lastKnownFileType = wrapper.framework; name = NotificationCenter.framework; path = System/Library/Frameworks/NotificationCenter.framework; sourceTree = SDKROOT; };
		8A8105691CD067E9007BA1E8 /* TodayViewController.swift */ = {isa = PBXFileReference; lastKnownFileType = sourcecode.swift; path = TodayViewController.swift; sourceTree = "<group>"; };
		8A81056C1CD067E9007BA1E8 /* Base */ = {isa = PBXFileReference; lastKnownFileType = file.storyboard; name = Base; path = Base.lproj/MainInterface.storyboard; sourceTree = "<group>"; };
		8A81056E1CD067E9007BA1E8 /* Info.plist */ = {isa = PBXFileReference; lastKnownFileType = text.plist.xml; path = Info.plist; sourceTree = "<group>"; };
		8A9650D61CB8BDED00A86BE5 /* Meal.png */ = {isa = PBXFileReference; lastKnownFileType = image.png; path = Meal.png; sourceTree = "<group>"; };
		8A9650DA1CB8C19C00A86BE5 /* Adjustment.png */ = {isa = PBXFileReference; lastKnownFileType = image.png; path = Adjustment.png; sourceTree = "<group>"; };
		8A9650DC1CB8C1F500A86BE5 /* 24H.png */ = {isa = PBXFileReference; lastKnownFileType = image.png; path = 24H.png; sourceTree = "<group>"; };
		8A9650DE1CBAC7B000A86BE5 /* HealthKit_iOS_8_icon.png */ = {isa = PBXFileReference; lastKnownFileType = image.png; path = HealthKit_iOS_8_icon.png; sourceTree = "<group>"; };
		8AB1BE271CB46EFA00A291E7 /* MealsViewController.swift */ = {isa = PBXFileReference; fileEncoding = 4; lastKnownFileType = sourcecode.swift; path = MealsViewController.swift; sourceTree = "<group>"; };
		8AB1BE2D1CB5F5ED00A291E7 /* SuccessViewController.swift */ = {isa = PBXFileReference; fileEncoding = 4; lastKnownFileType = sourcecode.swift; path = SuccessViewController.swift; sourceTree = "<group>"; };
		8AC51FF51CB4187500E1872E /* SuperCell.swift */ = {isa = PBXFileReference; fileEncoding = 4; lastKnownFileType = sourcecode.swift; path = SuperCell.swift; sourceTree = "<group>"; };
		8AE61E641CC8124500865ACA /* Realm.framework */ = {isa = PBXFileReference; lastKnownFileType = wrapper.framework; name = Realm.framework; path = "../../Library/Developer/Xcode/DerivedData/Bg-Mon-dtwmpflrjllmhdcvtsjxdsjoeavc/Build/Products/Debug-iphoneos/Realm.framework"; sourceTree = "<group>"; };
		8AE61E651CC8124500865ACA /* RealmSwift.framework */ = {isa = PBXFileReference; lastKnownFileType = wrapper.framework; name = RealmSwift.framework; path = "../../Library/Developer/Xcode/DerivedData/Bg-Mon-dtwmpflrjllmhdcvtsjxdsjoeavc/Build/Products/Debug-iphoneos/RealmSwift.framework"; sourceTree = "<group>"; };
		8AEC38F41CD01E9400394F9A /* AboutViewController.swift */ = {isa = PBXFileReference; fileEncoding = 4; lastKnownFileType = sourcecode.swift; path = AboutViewController.swift; sourceTree = "<group>"; };
		8AEC391F1CD024C100394F9A /* Test Strip Watch.app */ = {isa = PBXFileReference; explicitFileType = wrapper.application; includeInIndex = 0; path = "Test Strip Watch.app"; sourceTree = BUILT_PRODUCTS_DIR; };
		8AEC39221CD024C100394F9A /* Base */ = {isa = PBXFileReference; lastKnownFileType = file.storyboard; name = Base; path = Base.lproj/Interface.storyboard; sourceTree = "<group>"; };
		8AEC39241CD024C100394F9A /* Assets.xcassets */ = {isa = PBXFileReference; lastKnownFileType = folder.assetcatalog; path = Assets.xcassets; sourceTree = "<group>"; };
		8AEC39261CD024C100394F9A /* Info.plist */ = {isa = PBXFileReference; lastKnownFileType = text.plist.xml; path = Info.plist; sourceTree = "<group>"; };
		8AEC392B1CD024C100394F9A /* Test Strip Watch Extension.appex */ = {isa = PBXFileReference; explicitFileType = "wrapper.app-extension"; includeInIndex = 0; path = "Test Strip Watch Extension.appex"; sourceTree = BUILT_PRODUCTS_DIR; };
		8AEC39301CD024C100394F9A /* InterfaceController.swift */ = {isa = PBXFileReference; lastKnownFileType = sourcecode.swift; path = InterfaceController.swift; sourceTree = "<group>"; };
		8AEC39321CD024C100394F9A /* ExtensionDelegate.swift */ = {isa = PBXFileReference; lastKnownFileType = sourcecode.swift; path = ExtensionDelegate.swift; sourceTree = "<group>"; };
		8AEC39341CD024C100394F9A /* Assets.xcassets */ = {isa = PBXFileReference; lastKnownFileType = folder.assetcatalog; path = Assets.xcassets; sourceTree = "<group>"; };
		8AEC39361CD024C100394F9A /* Info.plist */ = {isa = PBXFileReference; lastKnownFileType = text.plist.xml; path = Info.plist; sourceTree = "<group>"; };
		8AEC39411CD0261700394F9A /* MealController.swift */ = {isa = PBXFileReference; fileEncoding = 4; lastKnownFileType = sourcecode.swift; path = MealController.swift; sourceTree = "<group>"; };
		8AEC39431CD0519000394F9A /* Test Strip Watch Extension.entitlements */ = {isa = PBXFileReference; lastKnownFileType = text.xml; path = "Test Strip Watch Extension.entitlements"; sourceTree = "<group>"; };
		8AEC39441CD051A400394F9A /* Test Strip Watch.entitlements */ = {isa = PBXFileReference; lastKnownFileType = text.xml; path = "Test Strip Watch.entitlements"; sourceTree = "<group>"; };
		B03D6073B02C671DEBA6CAA9 /* Pods_Bg_Mon.framework */ = {isa = PBXFileReference; explicitFileType = wrapper.framework; includeInIndex = 0; path = Pods_Bg_Mon.framework; sourceTree = BUILT_PRODUCTS_DIR; };
		E091F18638122BDD2E48DF7C /* Pods-Bg-Mon.release.xcconfig */ = {isa = PBXFileReference; includeInIndex = 1; lastKnownFileType = text.xcconfig; name = "Pods-Bg-Mon.release.xcconfig"; path = "Pods/Target Support Files/Pods-Bg-Mon/Pods-Bg-Mon.release.xcconfig"; sourceTree = "<group>"; };
		EC7D4FF91569ED98574F0D5B /* Pods-Bg-Mon.debug.xcconfig */ = {isa = PBXFileReference; includeInIndex = 1; lastKnownFileType = text.xcconfig; name = "Pods-Bg-Mon.debug.xcconfig"; path = "Pods/Target Support Files/Pods-Bg-Mon/Pods-Bg-Mon.debug.xcconfig"; sourceTree = "<group>"; };
/* End PBXFileReference section */

/* Begin PBXFrameworksBuildPhase section */
		8A45D8381CB337E6007558B4 /* Frameworks */ = {
			isa = PBXFrameworksBuildPhase;
			buildActionMask = 2147483647;
			files = (
				B360203EC17EEE1769DE5B59 /* Pods_Bg_Mon.framework in Frameworks */,
				8A45D8721CB33BA3007558B4 /* HealthKit.framework in Frameworks */,
			);
			runOnlyForDeploymentPostprocessing = 0;
		};
		8A797B631CD00F370082DFEF /* Frameworks */ = {
			isa = PBXFrameworksBuildPhase;
			buildActionMask = 2147483647;
			files = (
			);
			runOnlyForDeploymentPostprocessing = 0;
		};
		8A797B711CD00F560082DFEF /* Frameworks */ = {
			isa = PBXFrameworksBuildPhase;
			buildActionMask = 2147483647;
			files = (
			);
			runOnlyForDeploymentPostprocessing = 0;
		};
		8A8105621CD067E9007BA1E8 /* Frameworks */ = {
			isa = PBXFrameworksBuildPhase;
			buildActionMask = 2147483647;
			files = (
				8A8105671CD067E9007BA1E8 /* NotificationCenter.framework in Frameworks */,
			);
			runOnlyForDeploymentPostprocessing = 0;
		};
		8AEC39281CD024C100394F9A /* Frameworks */ = {
			isa = PBXFrameworksBuildPhase;
			buildActionMask = 2147483647;
			files = (
			);
			runOnlyForDeploymentPostprocessing = 0;
		};
/* End PBXFrameworksBuildPhase section */

/* Begin PBXGroup section */
		8A45D8321CB337E6007558B4 = {
			isa = PBXGroup;
			children = (
				8A45D83D1CB337E6007558B4 /* Logglu */,
				8A45D8551CB337E6007558B4 /* Bg-MonTests */,
				8A45D8601CB337E6007558B4 /* Bg-MonUITests */,
				8A797B671CD00F370082DFEF /* Test Strip - UITest */,
				8A797B751CD00F560082DFEF /* Test Strip - Bundle */,
				8AEC39201CD024C100394F9A /* Test Strip Watch */,
				8AEC392F1CD024C100394F9A /* Test Strip Watch Extension */,
				8A8105681CD067E9007BA1E8 /* Test Strip Today */,
				8A45D83C1CB337E6007558B4 /* Products */,
				E5734EEB76940CA15C27FEEF /* Pods */,
				9C0435CD34FC9A7439C96182 /* Frameworks */,
			);
			sourceTree = "<group>";
		};
		8A45D83C1CB337E6007558B4 /* Products */ = {
			isa = PBXGroup;
			children = (
				8A45D83B1CB337E6007558B4 /* Test Strip.app */,
				8A797B661CD00F370082DFEF /* Test Strip - UITest.xctest */,
				8A797B741CD00F560082DFEF /* Test Strip - Bundle.xctest */,
				8AEC391F1CD024C100394F9A /* Test Strip Watch.app */,
				8AEC392B1CD024C100394F9A /* Test Strip Watch Extension.appex */,
				8A8105651CD067E9007BA1E8 /* Test Strip Today.appex */,
			);
			name = Products;
			sourceTree = "<group>";
		};
		8A45D83D1CB337E6007558B4 /* Logglu */ = {
			isa = PBXGroup;
			children = (
				8A25C6161CCFD01F00B50B4E /* Media.xcassets */,
				8A25C6121CCE78D300B50B4E /* README.md */,
				8A9650D61CB8BDED00A86BE5 /* Meal.png */,
				8A9650DA1CB8C19C00A86BE5 /* Adjustment.png */,
				8A9650DC1CB8C1F500A86BE5 /* 24H.png */,
				8A45D8731CB33BA3007558B4 /* Bg-Mon.entitlements */,
				8A45D83E1CB337E6007558B4 /* AppDelegate.swift */,
				8A45D8741CB351FB007558B4 /* MenuViewController.swift */,
				8A45D8421CB337E6007558B4 /* Main.storyboard */,
				8AEC38F41CD01E9400394F9A /* AboutViewController.swift */,
				8AB1BE2D1CB5F5ED00A291E7 /* SuccessViewController.swift */,
				8AB1BE271CB46EFA00A291E7 /* MealsViewController.swift */,
				8AC51FF51CB4187500E1872E /* SuperCell.swift */,
				8A45D87C1CB363C8007558B4 /* ProfileViewController.swift */,
				8A45D8761CB3528E007558B4 /* MenuManager.swift */,
				8A45D86F1CB33912007558B4 /* DashboardViewController.swift */,
				8A9650DE1CBAC7B000A86BE5 /* HealthKit_iOS_8_icon.png */,
				8A1EA8991CB7058200343019 /* pattern.jpg */,
				8A1EA89D1CB7092100343019 /* bananas.jpg */,
				8A1EA89B1CB7085A00343019 /* pattern2.png */,
				8A45D84A1CB337E6007558B4 /* LaunchScreen.storyboard */,
				8A45D84D1CB337E6007558B4 /* Info.plist */,
				8A45D8451CB337E6007558B4 /* Bg_Mon.xcdatamodeld */,
			);
			name = Logglu;
			path = "Bg-Mon";
			sourceTree = "<group>";
		};
		8A45D8551CB337E6007558B4 /* Bg-MonTests */ = {
			isa = PBXGroup;
			children = (
				8A45D8561CB337E6007558B4 /* Bg_MonTests.swift */,
				8A45D8581CB337E6007558B4 /* Info.plist */,
			);
			path = "Bg-MonTests";
			sourceTree = "<group>";
		};
		8A45D8601CB337E6007558B4 /* Bg-MonUITests */ = {
			isa = PBXGroup;
			children = (
				8A45D8611CB337E6007558B4 /* Bg_MonUITests.swift */,
				8A45D8631CB337E6007558B4 /* Info.plist */,
			);
			path = "Bg-MonUITests";
			sourceTree = "<group>";
		};
		8A797B671CD00F370082DFEF /* Test Strip - UITest */ = {
			isa = PBXGroup;
			children = (
				8A797B681CD00F370082DFEF /* Test_Strip___UITest.m */,
				8A797B6A1CD00F370082DFEF /* Info.plist */,
			);
			path = "Test Strip - UITest";
			sourceTree = "<group>";
		};
		8A797B751CD00F560082DFEF /* Test Strip - Bundle */ = {
			isa = PBXGroup;
			children = (
				8A797B761CD00F560082DFEF /* Test_Strip___Bundle.m */,
				8A797B781CD00F560082DFEF /* Info.plist */,
			);
			path = "Test Strip - Bundle";
			sourceTree = "<group>";
		};
		8A8105681CD067E9007BA1E8 /* Test Strip Today */ = {
			isa = PBXGroup;
			children = (
				8A8105691CD067E9007BA1E8 /* TodayViewController.swift */,
				8A81056B1CD067E9007BA1E8 /* MainInterface.storyboard */,
				8A81056E1CD067E9007BA1E8 /* Info.plist */,
			);
			path = "Test Strip Today";
			sourceTree = "<group>";
		};
		8AEC39201CD024C100394F9A /* Test Strip Watch */ = {
			isa = PBXGroup;
			children = (
				8AEC39441CD051A400394F9A /* Test Strip Watch.entitlements */,
				8AEC39211CD024C100394F9A /* Interface.storyboard */,
				8AEC39241CD024C100394F9A /* Assets.xcassets */,
				8AEC39261CD024C100394F9A /* Info.plist */,
			);
			path = "Test Strip Watch";
			sourceTree = "<group>";
		};
		8AEC392F1CD024C100394F9A /* Test Strip Watch Extension */ = {
			isa = PBXGroup;
			children = (
				8AEC39431CD0519000394F9A /* Test Strip Watch Extension.entitlements */,
				8AEC39301CD024C100394F9A /* InterfaceController.swift */,
				8AEC39321CD024C100394F9A /* ExtensionDelegate.swift */,
				8AEC39341CD024C100394F9A /* Assets.xcassets */,
				8AEC39361CD024C100394F9A /* Info.plist */,
				8AEC39411CD0261700394F9A /* MealController.swift */,
			);
			path = "Test Strip Watch Extension";
			sourceTree = "<group>";
		};
		9C0435CD34FC9A7439C96182 /* Frameworks */ = {
			isa = PBXGroup;
			children = (
				8AE61E641CC8124500865ACA /* Realm.framework */,
				8AE61E651CC8124500865ACA /* RealmSwift.framework */,
				8A2C1A851CC8116700159962 /* Charts.framework */,
				8A45D8711CB33BA3007558B4 /* HealthKit.framework */,
				B03D6073B02C671DEBA6CAA9 /* Pods_Bg_Mon.framework */,
				8A8105661CD067E9007BA1E8 /* NotificationCenter.framework */,
			);
			name = Frameworks;
			sourceTree = "<group>";
		};
		E5734EEB76940CA15C27FEEF /* Pods */ = {
			isa = PBXGroup;
			children = (
				EC7D4FF91569ED98574F0D5B /* Pods-Bg-Mon.debug.xcconfig */,
				E091F18638122BDD2E48DF7C /* Pods-Bg-Mon.release.xcconfig */,
			);
			name = Pods;
			sourceTree = "<group>";
		};
/* End PBXGroup section */

/* Begin PBXNativeTarget section */
		8A45D83A1CB337E6007558B4 /* Bg-Mon */ = {
			isa = PBXNativeTarget;
			buildConfigurationList = 8A45D8661CB337E6007558B4 /* Build configuration list for PBXNativeTarget "Bg-Mon" */;
			buildPhases = (
				FEB2A528771A1BF5FFCC8082 /* Check Pods Manifest.lock */,
				8A45D8371CB337E6007558B4 /* Sources */,
				8A45D8381CB337E6007558B4 /* Frameworks */,
				8A45D8391CB337E6007558B4 /* Resources */,
				02A6409DAC7BA80ACC66C6F7 /* Embed Pods Frameworks */,
				FECFC09B2493CBD41811F4E9 /* Copy Pods Resources */,
				8AEC391C1CD0237D00394F9A /* Embed Watch Content */,
				8A8105751CD067E9007BA1E8 /* Embed App Extensions */,
			);
			buildRules = (
			);
			dependencies = (
				8AEC39381CD024C100394F9A /* PBXTargetDependency */,
				8A8105701CD067E9007BA1E8 /* PBXTargetDependency */,
			);
			name = "Bg-Mon";
			productName = "Bg-Mon";
			productReference = 8A45D83B1CB337E6007558B4 /* Test Strip.app */;
			productType = "com.apple.product-type.application";
		};
		8A797B651CD00F370082DFEF /* Test Strip - UITest */ = {
			isa = PBXNativeTarget;
			buildConfigurationList = 8A797B6F1CD00F370082DFEF /* Build configuration list for PBXNativeTarget "Test Strip - UITest" */;
			buildPhases = (
				8A797B621CD00F370082DFEF /* Sources */,
				8A797B631CD00F370082DFEF /* Frameworks */,
				8A797B641CD00F370082DFEF /* Resources */,
			);
			buildRules = (
			);
			dependencies = (
				8A797B6C1CD00F370082DFEF /* PBXTargetDependency */,
			);
			name = "Test Strip - UITest";
			productName = "Test Strip - UITest";
			productReference = 8A797B661CD00F370082DFEF /* Test Strip - UITest.xctest */;
			productType = "com.apple.product-type.bundle.ui-testing";
		};
		8A797B731CD00F560082DFEF /* Test Strip - Bundle */ = {
			isa = PBXNativeTarget;
			buildConfigurationList = 8A797B7B1CD00F560082DFEF /* Build configuration list for PBXNativeTarget "Test Strip - Bundle" */;
			buildPhases = (
				8A797B701CD00F560082DFEF /* Sources */,
				8A797B711CD00F560082DFEF /* Frameworks */,
				8A797B721CD00F560082DFEF /* Resources */,
			);
			buildRules = (
			);
			dependencies = (
				8A797B7A1CD00F560082DFEF /* PBXTargetDependency */,
			);
			name = "Test Strip - Bundle";
			productName = "Test Strip - Bundle";
			productReference = 8A797B741CD00F560082DFEF /* Test Strip - Bundle.xctest */;
			productType = "com.apple.product-type.bundle.unit-test";
		};
		8A8105641CD067E9007BA1E8 /* Test Strip Today */ = {
			isa = PBXNativeTarget;
			buildConfigurationList = 8A8105721CD067E9007BA1E8 /* Build configuration list for PBXNativeTarget "Test Strip Today" */;
			buildPhases = (
				8A8105611CD067E9007BA1E8 /* Sources */,
				8A8105621CD067E9007BA1E8 /* Frameworks */,
				8A8105631CD067E9007BA1E8 /* Resources */,
			);
			buildRules = (
			);
			dependencies = (
			);
			name = "Test Strip Today";
			productName = "Test Strip Today";
			productReference = 8A8105651CD067E9007BA1E8 /* Test Strip Today.appex */;
			productType = "com.apple.product-type.app-extension";
		};
		8AEC391E1CD024C100394F9A /* Test Strip Watch */ = {
			isa = PBXNativeTarget;
			buildConfigurationList = 8AEC393E1CD024C100394F9A /* Build configuration list for PBXNativeTarget "Test Strip Watch" */;
			buildPhases = (
				8AEC391D1CD024C100394F9A /* Resources */,
				8AEC393D1CD024C100394F9A /* Embed App Extensions */,
			);
			buildRules = (
			);
			dependencies = (
				8AEC392E1CD024C100394F9A /* PBXTargetDependency */,
			);
			name = "Test Strip Watch";
			productName = "Test Strip Watch";
			productReference = 8AEC391F1CD024C100394F9A /* Test Strip Watch.app */;
			productType = "com.apple.product-type.application.watchapp2";
		};
		8AEC392A1CD024C100394F9A /* Test Strip Watch Extension */ = {
			isa = PBXNativeTarget;
			buildConfigurationList = 8AEC393A1CD024C100394F9A /* Build configuration list for PBXNativeTarget "Test Strip Watch Extension" */;
			buildPhases = (
				8AEC39271CD024C100394F9A /* Sources */,
				8AEC39281CD024C100394F9A /* Frameworks */,
				8AEC39291CD024C100394F9A /* Resources */,
			);
			buildRules = (
			);
			dependencies = (
			);
			name = "Test Strip Watch Extension";
			productName = "Test Strip Watch Extension";
			productReference = 8AEC392B1CD024C100394F9A /* Test Strip Watch Extension.appex */;
			productType = "com.apple.product-type.watchkit2-extension";
		};
/* End PBXNativeTarget section */

/* Begin PBXProject section */
		8A45D8331CB337E6007558B4 /* Project object */ = {
			isa = PBXProject;
			attributes = {
				LastSwiftUpdateCheck = 0730;
				LastUpgradeCheck = 0730;
				ORGANIZATIONNAME = "Keaton Burleson";
				TargetAttributes = {
					8A45D83A1CB337E6007558B4 = {
						CreatedOnToolsVersion = 7.3;
						DevelopmentTeam = Z48RKT6B3T;
						SystemCapabilities = {
							com.apple.ApplicationGroups.iOS = {
								enabled = 1;
							};
							com.apple.HealthKit = {
								enabled = 1;
							};
						};
					};
					8A797B651CD00F370082DFEF = {
						CreatedOnToolsVersion = 7.3;
						TestTargetID = 8A45D83A1CB337E6007558B4;
					};
					8A797B731CD00F560082DFEF = {
						CreatedOnToolsVersion = 7.3;
						TestTargetID = 8A45D83A1CB337E6007558B4;
					};
					8A8105641CD067E9007BA1E8 = {
						CreatedOnToolsVersion = 7.3;
						DevelopmentTeam = Z48RKT6B3T;
					};
					8AEC391E1CD024C100394F9A = {
						CreatedOnToolsVersion = 7.3;
						DevelopmentTeam = Z48RKT6B3T;
						SystemCapabilities = {
							com.apple.ApplicationGroups.iOS = {
								enabled = 1;
							};
						};
					};
					8AEC392A1CD024C100394F9A = {
						CreatedOnToolsVersion = 7.3;
						DevelopmentTeam = Z48RKT6B3T;
						SystemCapabilities = {
							com.apple.ApplicationGroups.iOS = {
								enabled = 1;
							};
						};
					};
				};
			};
			buildConfigurationList = 8A45D8361CB337E6007558B4 /* Build configuration list for PBXProject "Logglu" */;
			compatibilityVersion = "Xcode 3.2";
			developmentRegion = English;
			hasScannedForEncodings = 0;
			knownRegions = (
				en,
				Base,
			);
			mainGroup = 8A45D8321CB337E6007558B4;
			productRefGroup = 8A45D83C1CB337E6007558B4 /* Products */;
			projectDirPath = "";
			projectRoot = "";
			targets = (
				8A45D83A1CB337E6007558B4 /* Bg-Mon */,
				8A797B651CD00F370082DFEF /* Test Strip - UITest */,
				8A797B731CD00F560082DFEF /* Test Strip - Bundle */,
				8AEC391E1CD024C100394F9A /* Test Strip Watch */,
				8AEC392A1CD024C100394F9A /* Test Strip Watch Extension */,
				8A8105641CD067E9007BA1E8 /* Test Strip Today */,
			);
		};
/* End PBXProject section */

/* Begin PBXResourcesBuildPhase section */
		8A45D8391CB337E6007558B4 /* Resources */ = {
			isa = PBXResourcesBuildPhase;
			buildActionMask = 2147483647;
			files = (
				8A25C6171CCFD01F00B50B4E /* Media.xcassets in Resources */,
				8A9650DD1CB8C1F500A86BE5 /* 24H.png in Resources */,
				8A9650DB1CB8C19C00A86BE5 /* Adjustment.png in Resources */,
				8A45D84C1CB337E6007558B4 /* LaunchScreen.storyboard in Resources */,
				8A1EA89C1CB7085A00343019 /* pattern2.png in Resources */,
				8A45D8441CB337E6007558B4 /* Main.storyboard in Resources */,
				8A9650DF1CBAC7B000A86BE5 /* HealthKit_iOS_8_icon.png in Resources */,
				8A1EA89A1CB7058200343019 /* pattern.jpg in Resources */,
				8A1EA89E1CB7092100343019 /* bananas.jpg in Resources */,
				8A9650D71CB8BDED00A86BE5 /* Meal.png in Resources */,
			);
			runOnlyForDeploymentPostprocessing = 0;
		};
		8A797B641CD00F370082DFEF /* Resources */ = {
			isa = PBXResourcesBuildPhase;
			buildActionMask = 2147483647;
			files = (
			);
			runOnlyForDeploymentPostprocessing = 0;
		};
		8A797B721CD00F560082DFEF /* Resources */ = {
			isa = PBXResourcesBuildPhase;
			buildActionMask = 2147483647;
			files = (
			);
			runOnlyForDeploymentPostprocessing = 0;
		};
		8A8105631CD067E9007BA1E8 /* Resources */ = {
			isa = PBXResourcesBuildPhase;
			buildActionMask = 2147483647;
			files = (
				8A81056D1CD067E9007BA1E8 /* MainInterface.storyboard in Resources */,
			);
			runOnlyForDeploymentPostprocessing = 0;
		};
		8AEC391D1CD024C100394F9A /* Resources */ = {
			isa = PBXResourcesBuildPhase;
			buildActionMask = 2147483647;
			files = (
				8AEC39251CD024C100394F9A /* Assets.xcassets in Resources */,
				8A8105601CD06718007BA1E8 /* Media.xcassets in Resources */,
				8AEC39231CD024C100394F9A /* Interface.storyboard in Resources */,
			);
			runOnlyForDeploymentPostprocessing = 0;
		};
		8AEC39291CD024C100394F9A /* Resources */ = {
			isa = PBXResourcesBuildPhase;
			buildActionMask = 2147483647;
			files = (
				8AEC39351CD024C100394F9A /* Assets.xcassets in Resources */,
			);
			runOnlyForDeploymentPostprocessing = 0;
		};
/* End PBXResourcesBuildPhase section */

/* Begin PBXShellScriptBuildPhase section */
		02A6409DAC7BA80ACC66C6F7 /* Embed Pods Frameworks */ = {
			isa = PBXShellScriptBuildPhase;
			buildActionMask = 2147483647;
			files = (
			);
			inputPaths = (
			);
			name = "Embed Pods Frameworks";
			outputPaths = (
			);
			runOnlyForDeploymentPostprocessing = 0;
			shellPath = /bin/sh;
			shellScript = "\"${SRCROOT}/Pods/Target Support Files/Pods-Bg-Mon/Pods-Bg-Mon-frameworks.sh\"\n";
			showEnvVarsInLog = 0;
		};
		FEB2A528771A1BF5FFCC8082 /* Check Pods Manifest.lock */ = {
			isa = PBXShellScriptBuildPhase;
			buildActionMask = 2147483647;
			files = (
			);
			inputPaths = (
			);
			name = "Check Pods Manifest.lock";
			outputPaths = (
			);
			runOnlyForDeploymentPostprocessing = 0;
			shellPath = /bin/sh;
			shellScript = "diff \"${PODS_ROOT}/../Podfile.lock\" \"${PODS_ROOT}/Manifest.lock\" > /dev/null\nif [[ $? != 0 ]] ; then\n    cat << EOM\nerror: The sandbox is not in sync with the Podfile.lock. Run 'pod install' or update your CocoaPods installation.\nEOM\n    exit 1\nfi\n";
			showEnvVarsInLog = 0;
		};
		FECFC09B2493CBD41811F4E9 /* Copy Pods Resources */ = {
			isa = PBXShellScriptBuildPhase;
			buildActionMask = 2147483647;
			files = (
			);
			inputPaths = (
			);
			name = "Copy Pods Resources";
			outputPaths = (
			);
			runOnlyForDeploymentPostprocessing = 0;
			shellPath = /bin/sh;
			shellScript = "\"${SRCROOT}/Pods/Target Support Files/Pods-Bg-Mon/Pods-Bg-Mon-resources.sh\"\n";
			showEnvVarsInLog = 0;
		};
/* End PBXShellScriptBuildPhase section */

/* Begin PBXSourcesBuildPhase section */
		8A45D8371CB337E6007558B4 /* Sources */ = {
			isa = PBXSourcesBuildPhase;
			buildActionMask = 2147483647;
			files = (
				8A45D87D1CB363C8007558B4 /* ProfileViewController.swift in Sources */,
				8AB1BE2E1CB5F5ED00A291E7 /* SuccessViewController.swift in Sources */,
				8AC51FF61CB4187500E1872E /* SuperCell.swift in Sources */,
				8A45D83F1CB337E6007558B4 /* AppDelegate.swift in Sources */,
				8A45D8701CB33912007558B4 /* DashboardViewController.swift in Sources */,
				8A45D8471CB337E6007558B4 /* Bg_Mon.xcdatamodeld in Sources */,
				8AB1BE281CB46EFA00A291E7 /* MealsViewController.swift in Sources */,
				8A45D8771CB3528E007558B4 /* MenuManager.swift in Sources */,
				8AEC38F51CD01E9400394F9A /* AboutViewController.swift in Sources */,
				8A45D8751CB351FB007558B4 /* MenuViewController.swift in Sources */,
			);
			runOnlyForDeploymentPostprocessing = 0;
		};
		8A797B621CD00F370082DFEF /* Sources */ = {
			isa = PBXSourcesBuildPhase;
			buildActionMask = 2147483647;
			files = (
				8A797B691CD00F370082DFEF /* Test_Strip___UITest.m in Sources */,
			);
			runOnlyForDeploymentPostprocessing = 0;
		};
		8A797B701CD00F560082DFEF /* Sources */ = {
			isa = PBXSourcesBuildPhase;
			buildActionMask = 2147483647;
			files = (
				8A797B771CD00F560082DFEF /* Test_Strip___Bundle.m in Sources */,
			);
			runOnlyForDeploymentPostprocessing = 0;
		};
		8A8105611CD067E9007BA1E8 /* Sources */ = {
			isa = PBXSourcesBuildPhase;
			buildActionMask = 2147483647;
			files = (
				8A81056A1CD067E9007BA1E8 /* TodayViewController.swift in Sources */,
			);
			runOnlyForDeploymentPostprocessing = 0;
		};
		8AEC39271CD024C100394F9A /* Sources */ = {
			isa = PBXSourcesBuildPhase;
			buildActionMask = 2147483647;
			files = (
				8AEC39331CD024C100394F9A /* ExtensionDelegate.swift in Sources */,
				8AEC39311CD024C100394F9A /* InterfaceController.swift in Sources */,
				8AEC39421CD0261700394F9A /* MealController.swift in Sources */,
			);
			runOnlyForDeploymentPostprocessing = 0;
		};
/* End PBXSourcesBuildPhase section */

/* Begin PBXTargetDependency section */
		8A797B6C1CD00F370082DFEF /* PBXTargetDependency */ = {
			isa = PBXTargetDependency;
			target = 8A45D83A1CB337E6007558B4 /* Bg-Mon */;
			targetProxy = 8A797B6B1CD00F370082DFEF /* PBXContainerItemProxy */;
		};
		8A797B7A1CD00F560082DFEF /* PBXTargetDependency */ = {
			isa = PBXTargetDependency;
			target = 8A45D83A1CB337E6007558B4 /* Bg-Mon */;
			targetProxy = 8A797B791CD00F560082DFEF /* PBXContainerItemProxy */;
		};
		8A8105701CD067E9007BA1E8 /* PBXTargetDependency */ = {
			isa = PBXTargetDependency;
			target = 8A8105641CD067E9007BA1E8 /* Test Strip Today */;
			targetProxy = 8A81056F1CD067E9007BA1E8 /* PBXContainerItemProxy */;
		};
		8AEC392E1CD024C100394F9A /* PBXTargetDependency */ = {
			isa = PBXTargetDependency;
			target = 8AEC392A1CD024C100394F9A /* Test Strip Watch Extension */;
			targetProxy = 8AEC392D1CD024C100394F9A /* PBXContainerItemProxy */;
		};
		8AEC39381CD024C100394F9A /* PBXTargetDependency */ = {
			isa = PBXTargetDependency;
			target = 8AEC391E1CD024C100394F9A /* Test Strip Watch */;
			targetProxy = 8AEC39371CD024C100394F9A /* PBXContainerItemProxy */;
		};
/* End PBXTargetDependency section */

/* Begin PBXVariantGroup section */
		8A45D8421CB337E6007558B4 /* Main.storyboard */ = {
			isa = PBXVariantGroup;
			children = (
				8A45D8431CB337E6007558B4 /* Base */,
			);
			name = Main.storyboard;
			sourceTree = "<group>";
		};
		8A45D84A1CB337E6007558B4 /* LaunchScreen.storyboard */ = {
			isa = PBXVariantGroup;
			children = (
				8A45D84B1CB337E6007558B4 /* Base */,
			);
			name = LaunchScreen.storyboard;
			sourceTree = "<group>";
		};
		8A81056B1CD067E9007BA1E8 /* MainInterface.storyboard */ = {
			isa = PBXVariantGroup;
			children = (
				8A81056C1CD067E9007BA1E8 /* Base */,
			);
			name = MainInterface.storyboard;
			sourceTree = "<group>";
		};
		8AEC39211CD024C100394F9A /* Interface.storyboard */ = {
			isa = PBXVariantGroup;
			children = (
				8AEC39221CD024C100394F9A /* Base */,
			);
			name = Interface.storyboard;
			sourceTree = "<group>";
		};
/* End PBXVariantGroup section */

/* Begin XCBuildConfiguration section */
		8A45D8641CB337E6007558B4 /* Debug */ = {
			isa = XCBuildConfiguration;
			buildSettings = {
				ALWAYS_SEARCH_USER_PATHS = NO;
				CLANG_ANALYZER_NONNULL = YES;
				CLANG_CXX_LANGUAGE_STANDARD = "gnu++0x";
				CLANG_CXX_LIBRARY = "libc++";
				CLANG_ENABLE_MODULES = YES;
				CLANG_ENABLE_OBJC_ARC = YES;
				CLANG_WARN_BOOL_CONVERSION = YES;
				CLANG_WARN_CONSTANT_CONVERSION = YES;
				CLANG_WARN_DIRECT_OBJC_ISA_USAGE = YES_ERROR;
				CLANG_WARN_EMPTY_BODY = YES;
				CLANG_WARN_ENUM_CONVERSION = YES;
				CLANG_WARN_INT_CONVERSION = YES;
				CLANG_WARN_OBJC_ROOT_CLASS = YES_ERROR;
				CLANG_WARN_UNREACHABLE_CODE = YES;
				CLANG_WARN__DUPLICATE_METHOD_MATCH = YES;
				"CODE_SIGN_IDENTITY[sdk=iphoneos*]" = "iPhone Developer";
				COPY_PHASE_STRIP = NO;
				DEBUG_INFORMATION_FORMAT = dwarf;
				ENABLE_STRICT_OBJC_MSGSEND = YES;
				ENABLE_TESTABILITY = YES;
				GCC_C_LANGUAGE_STANDARD = gnu99;
				GCC_DYNAMIC_NO_PIC = NO;
				GCC_NO_COMMON_BLOCKS = YES;
				GCC_OPTIMIZATION_LEVEL = 0;
				GCC_PREPROCESSOR_DEFINITIONS = (
					"DEBUG=1",
					"$(inherited)",
				);
				GCC_WARN_64_TO_32_BIT_CONVERSION = YES;
				GCC_WARN_ABOUT_RETURN_TYPE = YES_ERROR;
				GCC_WARN_UNDECLARED_SELECTOR = YES;
				GCC_WARN_UNINITIALIZED_AUTOS = YES_AGGRESSIVE;
				GCC_WARN_UNUSED_FUNCTION = YES;
				GCC_WARN_UNUSED_VARIABLE = YES;
				IPHONEOS_DEPLOYMENT_TARGET = 9.3;
				MTL_ENABLE_DEBUG_INFO = YES;
				ONLY_ACTIVE_ARCH = YES;
				SDKROOT = iphoneos;
				SWIFT_OPTIMIZATION_LEVEL = "-Onone";
				TARGETED_DEVICE_FAMILY = "1,2";
			};
			name = Debug;
		};
		8A45D8651CB337E6007558B4 /* Release */ = {
			isa = XCBuildConfiguration;
			buildSettings = {
				ALWAYS_SEARCH_USER_PATHS = NO;
				CLANG_ANALYZER_NONNULL = YES;
				CLANG_CXX_LANGUAGE_STANDARD = "gnu++0x";
				CLANG_CXX_LIBRARY = "libc++";
				CLANG_ENABLE_MODULES = YES;
				CLANG_ENABLE_OBJC_ARC = YES;
				CLANG_WARN_BOOL_CONVERSION = YES;
				CLANG_WARN_CONSTANT_CONVERSION = YES;
				CLANG_WARN_DIRECT_OBJC_ISA_USAGE = YES_ERROR;
				CLANG_WARN_EMPTY_BODY = YES;
				CLANG_WARN_ENUM_CONVERSION = YES;
				CLANG_WARN_INT_CONVERSION = YES;
				CLANG_WARN_OBJC_ROOT_CLASS = YES_ERROR;
				CLANG_WARN_UNREACHABLE_CODE = YES;
				CLANG_WARN__DUPLICATE_METHOD_MATCH = YES;
				"CODE_SIGN_IDENTITY[sdk=iphoneos*]" = "iPhone Developer";
				COPY_PHASE_STRIP = NO;
				DEBUG_INFORMATION_FORMAT = "dwarf-with-dsym";
				ENABLE_NS_ASSERTIONS = NO;
				ENABLE_STRICT_OBJC_MSGSEND = YES;
				GCC_C_LANGUAGE_STANDARD = gnu99;
				GCC_NO_COMMON_BLOCKS = YES;
				GCC_WARN_64_TO_32_BIT_CONVERSION = YES;
				GCC_WARN_ABOUT_RETURN_TYPE = YES_ERROR;
				GCC_WARN_UNDECLARED_SELECTOR = YES;
				GCC_WARN_UNINITIALIZED_AUTOS = YES_AGGRESSIVE;
				GCC_WARN_UNUSED_FUNCTION = YES;
				GCC_WARN_UNUSED_VARIABLE = YES;
				IPHONEOS_DEPLOYMENT_TARGET = 9.3;
				MTL_ENABLE_DEBUG_INFO = NO;
				SDKROOT = iphoneos;
				TARGETED_DEVICE_FAMILY = "1,2";
				VALIDATE_PRODUCT = YES;
			};
			name = Release;
		};
		8A45D8671CB337E6007558B4 /* Debug */ = {
			isa = XCBuildConfiguration;
			baseConfigurationReference = EC7D4FF91569ED98574F0D5B /* Pods-Bg-Mon.debug.xcconfig */;
			buildSettings = {
				ASSETCATALOG_COMPILER_APPICON_NAME = AppIcon;
				CODE_SIGN_ENTITLEMENTS = "Bg-Mon/Bg-Mon.entitlements";
				EMBEDDED_CONTENT_CONTAINS_SWIFT = YES;
				INFOPLIST_FILE = "Bg-Mon/Info.plist";
				IPHONEOS_DEPLOYMENT_TARGET = 9.0;
				LD_RUNPATH_SEARCH_PATHS = "$(inherited) @executable_path/Frameworks";
				PRODUCT_BUNDLE_IDENTIFIER = "com.bittank.Bg-Mon";
				PRODUCT_NAME = "Test Strip";
			};
			name = Debug;
		};
		8A45D8681CB337E6007558B4 /* Release */ = {
			isa = XCBuildConfiguration;
			baseConfigurationReference = E091F18638122BDD2E48DF7C /* Pods-Bg-Mon.release.xcconfig */;
			buildSettings = {
				ASSETCATALOG_COMPILER_APPICON_NAME = AppIcon;
				CODE_SIGN_ENTITLEMENTS = "Bg-Mon/Bg-Mon.entitlements";
				EMBEDDED_CONTENT_CONTAINS_SWIFT = YES;
				INFOPLIST_FILE = "Bg-Mon/Info.plist";
				IPHONEOS_DEPLOYMENT_TARGET = 9.0;
				LD_RUNPATH_SEARCH_PATHS = "$(inherited) @executable_path/Frameworks";
				PRODUCT_BUNDLE_IDENTIFIER = "com.bittank.Bg-Mon";
				PRODUCT_NAME = "Test Strip";
			};
			name = Release;
		};
		8A797B6D1CD00F370082DFEF /* Debug */ = {
			isa = XCBuildConfiguration;
			buildSettings = {
				INFOPLIST_FILE = "Test Strip - UITest/Info.plist";
				LD_RUNPATH_SEARCH_PATHS = "$(inherited) @executable_path/Frameworks @loader_path/Frameworks";
				PRODUCT_BUNDLE_IDENTIFIER = "com.bittank.Test-Strip---UITest";
				PRODUCT_NAME = "$(TARGET_NAME)";
				TEST_TARGET_NAME = "Bg-Mon";
			};
			name = Debug;
		};
		8A797B6E1CD00F370082DFEF /* Release */ = {
			isa = XCBuildConfiguration;
			buildSettings = {
				INFOPLIST_FILE = "Test Strip - UITest/Info.plist";
				LD_RUNPATH_SEARCH_PATHS = "$(inherited) @executable_path/Frameworks @loader_path/Frameworks";
				PRODUCT_BUNDLE_IDENTIFIER = "com.bittank.Test-Strip---UITest";
				PRODUCT_NAME = "$(TARGET_NAME)";
				TEST_TARGET_NAME = "Bg-Mon";
			};
			name = Release;
		};
		8A797B7C1CD00F560082DFEF /* Debug */ = {
			isa = XCBuildConfiguration;
			buildSettings = {
				BUNDLE_LOADER = "$(TEST_HOST)";
				INFOPLIST_FILE = "Test Strip - Bundle/Info.plist";
				LD_RUNPATH_SEARCH_PATHS = "$(inherited) @executable_path/Frameworks @loader_path/Frameworks";
				PRODUCT_BUNDLE_IDENTIFIER = "com.bittank.Test-Strip---Bundle";
				PRODUCT_NAME = "$(TARGET_NAME)";
				TEST_HOST = "$(BUILT_PRODUCTS_DIR)/Test Strip.app/Test Strip";
			};
			name = Debug;
		};
		8A797B7D1CD00F560082DFEF /* Release */ = {
			isa = XCBuildConfiguration;
			buildSettings = {
				BUNDLE_LOADER = "$(TEST_HOST)";
				INFOPLIST_FILE = "Test Strip - Bundle/Info.plist";
				LD_RUNPATH_SEARCH_PATHS = "$(inherited) @executable_path/Frameworks @loader_path/Frameworks";
				PRODUCT_BUNDLE_IDENTIFIER = "com.bittank.Test-Strip---Bundle";
				PRODUCT_NAME = "$(TARGET_NAME)";
				TEST_HOST = "$(BUILT_PRODUCTS_DIR)/Test Strip.app/Test Strip";
			};
			name = Release;
		};
		8A8105731CD067E9007BA1E8 /* Debug */ = {
			isa = XCBuildConfiguration;
			buildSettings = {
				ASSETCATALOG_COMPILER_APPICON_NAME = AppIcon;
				ASSETCATALOG_COMPILER_LAUNCHIMAGE_NAME = "Brand Assets";
				INFOPLIST_FILE = "Test Strip Today/Info.plist";
				LD_RUNPATH_SEARCH_PATHS = "$(inherited) @executable_path/Frameworks @executable_path/../../Frameworks";
				PRODUCT_BUNDLE_IDENTIFIER = "com.bittank.Bg-Mon.Test-Strip-Today";
				PRODUCT_NAME = "$(TARGET_NAME)";
				SKIP_INSTALL = YES;
			};
			name = Debug;
		};
		8A8105741CD067E9007BA1E8 /* Release */ = {
			isa = XCBuildConfiguration;
			buildSettings = {
				ASSETCATALOG_COMPILER_APPICON_NAME = AppIcon;
				ASSETCATALOG_COMPILER_LAUNCHIMAGE_NAME = "Brand Assets";
				INFOPLIST_FILE = "Test Strip Today/Info.plist";
				LD_RUNPATH_SEARCH_PATHS = "$(inherited) @executable_path/Frameworks @executable_path/../../Frameworks";
				PRODUCT_BUNDLE_IDENTIFIER = "com.bittank.Bg-Mon.Test-Strip-Today";
				PRODUCT_NAME = "$(TARGET_NAME)";
				SKIP_INSTALL = YES;
			};
			name = Release;
		};
		8AEC393B1CD024C100394F9A /* Debug */ = {
			isa = XCBuildConfiguration;
			buildSettings = {
				CODE_SIGN_ENTITLEMENTS = "Test Strip Watch Extension/Test Strip Watch Extension.entitlements";
				INFOPLIST_FILE = "Test Strip Watch Extension/Info.plist";
				LD_RUNPATH_SEARCH_PATHS = "$(inherited) @executable_path/Frameworks @executable_path/../../Frameworks";
				PRODUCT_BUNDLE_IDENTIFIER = "com.bittank.Bg-Mon.watchkitapp.watchkitextension";
				PRODUCT_NAME = "${TARGET_NAME}";
				SDKROOT = watchos;
				SKIP_INSTALL = YES;
				TARGETED_DEVICE_FAMILY = 4;
				WATCHOS_DEPLOYMENT_TARGET = 2.2;
			};
			name = Debug;
		};
		8AEC393C1CD024C100394F9A /* Release */ = {
			isa = XCBuildConfiguration;
			buildSettings = {
				CODE_SIGN_ENTITLEMENTS = "Test Strip Watch Extension/Test Strip Watch Extension.entitlements";
				INFOPLIST_FILE = "Test Strip Watch Extension/Info.plist";
				LD_RUNPATH_SEARCH_PATHS = "$(inherited) @executable_path/Frameworks @executable_path/../../Frameworks";
				PRODUCT_BUNDLE_IDENTIFIER = "com.bittank.Bg-Mon.watchkitapp.watchkitextension";
				PRODUCT_NAME = "${TARGET_NAME}";
				SDKROOT = watchos;
				SKIP_INSTALL = YES;
				TARGETED_DEVICE_FAMILY = 4;
				WATCHOS_DEPLOYMENT_TARGET = 2.2;
			};
			name = Release;
		};
		8AEC393F1CD024C100394F9A /* Debug */ = {
			isa = XCBuildConfiguration;
			buildSettings = {
				ASSETCATALOG_COMPILER_APPICON_NAME = "AppIcon-1";
				CODE_SIGN_ENTITLEMENTS = "Test Strip Watch/Test Strip Watch.entitlements";
				EMBEDDED_CONTENT_CONTAINS_SWIFT = YES;
				IBSC_MODULE = Test_Strip_Watch_Extension;
				INFOPLIST_FILE = "Test Strip Watch/Info.plist";
				PRODUCT_BUNDLE_IDENTIFIER = "com.bittank.Bg-Mon.watchkitapp";
				PRODUCT_NAME = "$(TARGET_NAME)";
				SDKROOT = watchos;
				SKIP_INSTALL = YES;
				TARGETED_DEVICE_FAMILY = 4;
				WATCHOS_DEPLOYMENT_TARGET = 2.2;
			};
			name = Debug;
		};
		8AEC39401CD024C100394F9A /* Release */ = {
			isa = XCBuildConfiguration;
			buildSettings = {
				ASSETCATALOG_COMPILER_APPICON_NAME = "AppIcon-1";
				CODE_SIGN_ENTITLEMENTS = "Test Strip Watch/Test Strip Watch.entitlements";
				EMBEDDED_CONTENT_CONTAINS_SWIFT = YES;
				IBSC_MODULE = Test_Strip_Watch_Extension;
				INFOPLIST_FILE = "Test Strip Watch/Info.plist";
				PRODUCT_BUNDLE_IDENTIFIER = "com.bittank.Bg-Mon.watchkitapp";
				PRODUCT_NAME = "$(TARGET_NAME)";
				SDKROOT = watchos;
				SKIP_INSTALL = YES;
				TARGETED_DEVICE_FAMILY = 4;
				WATCHOS_DEPLOYMENT_TARGET = 2.2;
			};
			name = Release;
		};
/* End XCBuildConfiguration section */

/* Begin XCConfigurationList section */
		8A45D8361CB337E6007558B4 /* Build configuration list for PBXProject "Logglu" */ = {
			isa = XCConfigurationList;
			buildConfigurations = (
				8A45D8641CB337E6007558B4 /* Debug */,
				8A45D8651CB337E6007558B4 /* Release */,
			);
			defaultConfigurationIsVisible = 0;
			defaultConfigurationName = Release;
		};
		8A45D8661CB337E6007558B4 /* Build configuration list for PBXNativeTarget "Bg-Mon" */ = {
			isa = XCConfigurationList;
			buildConfigurations = (
				8A45D8671CB337E6007558B4 /* Debug */,
				8A45D8681CB337E6007558B4 /* Release */,
			);
			defaultConfigurationIsVisible = 0;
			defaultConfigurationName = Release;
		};
		8A797B6F1CD00F370082DFEF /* Build configuration list for PBXNativeTarget "Test Strip - UITest" */ = {
			isa = XCConfigurationList;
			buildConfigurations = (
				8A797B6D1CD00F370082DFEF /* Debug */,
				8A797B6E1CD00F370082DFEF /* Release */,
			);
			defaultConfigurationIsVisible = 0;
			defaultConfigurationName = Release;
		};
		8A797B7B1CD00F560082DFEF /* Build configuration list for PBXNativeTarget "Test Strip - Bundle" */ = {
			isa = XCConfigurationList;
			buildConfigurations = (
				8A797B7C1CD00F560082DFEF /* Debug */,
				8A797B7D1CD00F560082DFEF /* Release */,
			);
			defaultConfigurationIsVisible = 0;
			defaultConfigurationName = Release;
		};
		8A8105721CD067E9007BA1E8 /* Build configuration list for PBXNativeTarget "Test Strip Today" */ = {
			isa = XCConfigurationList;
			buildConfigurations = (
				8A8105731CD067E9007BA1E8 /* Debug */,
				8A8105741CD067E9007BA1E8 /* Release */,
			);
			defaultConfigurationIsVisible = 0;
		};
		8AEC393A1CD024C100394F9A /* Build configuration list for PBXNativeTarget "Test Strip Watch Extension" */ = {
			isa = XCConfigurationList;
			buildConfigurations = (
				8AEC393B1CD024C100394F9A /* Debug */,
				8AEC393C1CD024C100394F9A /* Release */,
			);
			defaultConfigurationIsVisible = 0;
			defaultConfigurationName = Release;
		};
		8AEC393E1CD024C100394F9A /* Build configuration list for PBXNativeTarget "Test Strip Watch" */ = {
			isa = XCConfigurationList;
			buildConfigurations = (
				8AEC393F1CD024C100394F9A /* Debug */,
				8AEC39401CD024C100394F9A /* Release */,
			);
			defaultConfigurationIsVisible = 0;
			defaultConfigurationName = Release;
		};
/* End XCConfigurationList section */

/* Begin XCVersionGroup section */
		8A45D8451CB337E6007558B4 /* Bg_Mon.xcdatamodeld */ = {
			isa = XCVersionGroup;
			children = (
				8A45D8461CB337E6007558B4 /* Bg_Mon.xcdatamodel */,
			);
			currentVersion = 8A45D8461CB337E6007558B4 /* Bg_Mon.xcdatamodel */;
			path = Bg_Mon.xcdatamodeld;
			sourceTree = "<group>";
			versionGroupType = wrapper.xcdatamodel;
		};
/* End XCVersionGroup section */
	};
	rootObject = 8A45D8331CB337E6007558B4 /* Project object */;
}
